// !$*UTF8*$!
{
	archiveVersion = 1;
	classes = {
	};
	objectVersion = 46;
	objects = {

/* Begin PBXBuildFile section */
		8202A2471CCF2B6B00DC56BF /* main.m in Sources */ = {isa = PBXBuildFile; fileRef = 8202A2461CCF2B6B00DC56BF /* main.m */; };
		8202A24A1CCF2B6B00DC56BF /* AppDelegate.m in Sources */ = {isa = PBXBuildFile; fileRef = 8202A2491CCF2B6B00DC56BF /* AppDelegate.m */; };
		8202A24D1CCF2B6B00DC56BF /* ViewController.m in Sources */ = {isa = PBXBuildFile; fileRef = 8202A24C1CCF2B6B00DC56BF /* ViewController.m */; };
		8202A2501CCF2B6B00DC56BF /* Main.storyboard in Resources */ = {isa = PBXBuildFile; fileRef = 8202A24E1CCF2B6B00DC56BF /* Main.storyboard */; };
		8202A2521CCF2B6B00DC56BF /* Assets.xcassets in Resources */ = {isa = PBXBuildFile; fileRef = 8202A2511CCF2B6B00DC56BF /* Assets.xcassets */; };
		8202A2551CCF2B6B00DC56BF /* LaunchScreen.storyboard in Resources */ = {isa = PBXBuildFile; fileRef = 8202A2531CCF2B6B00DC56BF /* LaunchScreen.storyboard */; };
/* End PBXBuildFile section */

/* Begin PBXFileReference section */
		8202A2421CCF2B6B00DC56BF /* EmojiRain.app */ = {isa = PBXFileReference; explicitFileType = wrapper.application; includeInIndex = 0; path = EmojiRain.app; sourceTree = BUILT_PRODUCTS_DIR; };
		8202A2461CCF2B6B00DC56BF /* main.m */ = {isa = PBXFileReference; lastKnownFileType = sourcecode.c.objc; path = main.m; sourceTree = "<group>"; };
		8202A2481CCF2B6B00DC56BF /* AppDelegate.h */ = {isa = PBXFileReference; lastKnownFileType = sourcecode.c.h; path = AppDelegate.h; sourceTree = "<group>"; };
		8202A2491CCF2B6B00DC56BF /* AppDelegate.m */ = {isa = PBXFileReference; lastKnownFileType = sourcecode.c.objc; path = AppDelegate.m; sourceTree = "<group>"; };
		8202A24B1CCF2B6B00DC56BF /* ViewController.h */ = {isa = PBXFileReference; lastKnownFileType = sourcecode.c.h; path = ViewController.h; sourceTree = "<group>"; };
		8202A24C1CCF2B6B00DC56BF /* ViewController.m */ = {isa = PBXFileReference; lastKnownFileType = sourcecode.c.objc; path = ViewController.m; sourceTree = "<group>"; };
		8202A24F1CCF2B6B00DC56BF /* Base */ = {isa = PBXFileReference; lastKnownFileType = file.storyboard; name = Base; path = Base.lproj/Main.storyboard; sourceTree = "<group>"; };
		8202A2511CCF2B6B00DC56BF /* Assets.xcassets */ = {isa = PBXFileReference; lastKnownFileType = folder.assetcatalog; path = Assets.xcassets; sourceTree = "<group>"; };
		8202A2541CCF2B6B00DC56BF /* Base */ = {isa = PBXFileReference; lastKnownFileType = file.storyboard; name = Base; path = Base.lproj/LaunchScreen.storyboard; sourceTree = "<group>"; };
		8202A2561CCF2B6B00DC56BF /* Info.plist */ = {isa = PBXFileReference; lastKnownFileType = text.plist.xml; path = Info.plist; sourceTree = "<group>"; };
/* End PBXFileReference section */

/* Begin PBXFrameworksBuildPhase section */
		8202A23F1CCF2B6B00DC56BF /* Frameworks */ = {
			isa = PBXFrameworksBuildPhase;
			buildActionMask = 2147483647;
			files = (
			);
			runOnlyForDeploymentPostprocessing = 0;
		};
/* End PBXFrameworksBuildPhase section */

/* Begin PBXGroup section */
		8202A2391CCF2B6B00DC56BF = {
			isa = PBXGroup;
			children = (
				8202A2441CCF2B6B00DC56BF /* EmojiRain */,
				8202A2431CCF2B6B00DC56BF /* Products */,
			);
			sourceTree = "<group>";
		};
		8202A2431CCF2B6B00DC56BF /* Products */ = {
			isa = PBXGroup;
			children = (
				8202A2421CCF2B6B00DC56BF /* EmojiRain.app */,
			);
			name = Products;
			sourceTree = "<group>";
		};
		8202A2441CCF2B6B00DC56BF /* EmojiRain */ = {
			isa = PBXGroup;
			children = (
				8202A2481CCF2B6B00DC56BF /* AppDelegate.h */,
				8202A2491CCF2B6B00DC56BF /* AppDelegate.m */,
				8202A24B1CCF2B6B00DC56BF /* ViewController.h */,
				8202A24C1CCF2B6B00DC56BF /* ViewController.m */,
				8202A24E1CCF2B6B00DC56BF /* Main.storyboard */,
				8202A2511CCF2B6B00DC56BF /* Assets.xcassets */,
				8202A2531CCF2B6B00DC56BF /* LaunchScreen.storyboard */,
				8202A2561CCF2B6B00DC56BF /* Info.plist */,
				8202A2451CCF2B6B00DC56BF /* Supporting Files */,
			);
			path = EmojiRain;
			sourceTree = "<group>";
		};
		8202A2451CCF2B6B00DC56BF /* Supporting Files */ = {
			isa = PBXGroup;
			children = (
				8202A2461CCF2B6B00DC56BF /* main.m */,
			);
			name = "Supporting Files";
			sourceTree = "<group>";
		};
/* End PBXGroup section */

/* Begin PBXNativeTarget section */
		8202A2411CCF2B6B00DC56BF /* EmojiRain */ = {
			isa = PBXNativeTarget;
			buildConfigurationList = 8202A2591CCF2B6B00DC56BF /* Build configuration list for PBXNativeTarget "EmojiRain" */;
			buildPhases = (
				8202A23E1CCF2B6B00DC56BF /* Sources */,
				8202A23F1CCF2B6B00DC56BF /* Frameworks */,
				8202A2401CCF2B6B00DC56BF /* Resources */,
			);
			buildRules = (
			);
			dependencies = (
			);
			name = EmojiRain;
			productName = EmojiRain;
			productReference = 8202A2421CCF2B6B00DC56BF /* EmojiRain.app */;
			productType = "com.apple.product-type.application";
		};
/* End PBXNativeTarget section */

/* Begin PBXProject section */
		8202A23A1CCF2B6B00DC56BF /* Project object */ = {
			isa = PBXProject;
			attributes = {
				LastUpgradeCheck = 0720;
				ORGANIZATIONNAME = LXF;
				TargetAttributes = {
					8202A2411CCF2B6B00DC56BF = {
						CreatedOnToolsVersion = 7.2.1;
					};
				};
			};
			buildConfigurationList = 8202A23D1CCF2B6B00DC56BF /* Build configuration list for PBXProject "EmojiRain" */;
			compatibilityVersion = "Xcode 3.2";
			developmentRegion = English;
			hasScannedForEncodings = 0;
			knownRegions = (
				en,
				Base,
			);
			mainGroup = 8202A2391CCF2B6B00DC56BF;
			productRefGroup = 8202A2431CCF2B6B00DC56BF /* Products */;
			projectDirPath = "";
			projectRoot = "";
			targets = (
				8202A2411CCF2B6B00DC56BF /* EmojiRain */,
			);
		};
/* End PBXProject section */

/* Begin PBXResourcesBuildPhase section */
		8202A2401CCF2B6B00DC56BF /* Resources */ = {
			isa = PBXResourcesBuildPhase;
			buildActionMask = 2147483647;
			files = (
				8202A2551CCF2B6B00DC56BF /* LaunchScreen.storyboard in Resources */,
				8202A2521CCF2B6B00DC56BF /* Assets.xcassets in Resources */,
				8202A2501CCF2B6B00DC56BF /* Main.storyboard in Resources */,
			);
			runOnlyForDeploymentPostprocessing = 0;
		};
/* End PBXResourcesBuildPhase section */

/* Begin PBXSourcesBuildPhase section */
		8202A23E1CCF2B6B00DC56BF /* Sources */ = {
			isa = PBXSourcesBuildPhase;
			buildActionMask = 2147483647;
			files = (
				8202A24D1CCF2B6B00DC56BF /* ViewController.m in Sources */,
				8202A24A1CCF2B6B00DC56BF /* AppDelegate.m in Sources */,
				8202A2471CCF2B6B00DC56BF /* main.m in Sources */,
			);
			runOnlyForDeploymentPostprocessing = 0;
		};
/* End PBXSourcesBuildPhase section */

/* Begin PBXVariantGroup section */
		8202A24E1CCF2B6B00DC56BF /* Main.storyboard */ = {
			isa = PBXVariantGroup;
			children = (
				8202A24F1CCF2B6B00DC56BF /* Base */,
			);
			name = Main.storyboard;
			sourceTree = "<group>";
		};
		8202A2531CCF2B6B00DC56BF /* LaunchScreen.storyboard */ = {
			isa = PBXVariantGroup;
			children = (
				8202A2541CCF2B6B00DC56BF /* Base */,
			);
			name = LaunchScreen.storyboard;
			sourceTree = "<group>";
		};
/* End PBXVariantGroup section */

/* Begin XCBuildConfiguration section */
		8202A2571CCF2B6B00DC56BF /* Debug */ = {
			isa = XCBuildConfiguration;
			buildSettings = {
				ALWAYS_SEARCH_USER_PATHS = NO;
				CLANG_CXX_LANGUAGE_STANDARD = "gnu++0x";
				CLANG_CXX_LIBRARY = "libc++";
				CLANG_ENABLE_MODULES = YES;
				CLANG_ENABLE_OBJC_ARC = YES;
				CLANG_WARN_BOOL_CONVERSION = YES;
				CLANG_WARN_CONSTANT_CONVERSION = YES;
				CLANG_WARN_DIRECT_OBJC_ISA_USAGE = YES_ERROR;
				CLANG_WARN_EMPTY_BODY = YES;
				CLANG_WARN_ENUM_CONVERSION = YES;
				CLANG_WARN_INT_CONVERSION = YES;
				CLANG_WARN_OBJC_ROOT_CLASS = YES_ERROR;
				CLANG_WARN_UNREACHABLE_CODE = YES;
				CLANG_WARN__DUPLICATE_METHOD_MATCH = YES;
				"CODE_SIGN_IDENTITY[sdk=iphoneos*]" = "iPhone Developer";
				COPY_PHASE_STRIP = NO;
				DEBUG_INFORMATION_FORMAT = dwarf;
				ENABLE_STRICT_OBJC_MSGSEND = YES;
				ENABLE_TESTABILITY = YES;
				GCC_C_LANGUAGE_STANDARD = gnu99;
				GCC_DYNAMIC_NO_PIC = NO;
				GCC_NO_COMMON_BLOCKS = YES;
				GCC_OPTIMIZATION_LEVEL = 0;
				GCC_PREPROCESSOR_DEFINITIONS = (
					"DEBUG=1",
					"$(inherited)",
				);
				GCC_WARN_64_TO_32_BIT_CONVERSION = YES;
				GCC_WARN_ABOUT_RETURN_TYPE = YES_ERROR;
				GCC_WARN_UNDECLARED_SELECTOR = YES;
				GCC_WARN_UNINITIALIZED_AUTOS = YES_AGGRESSIVE;
				GCC_WARN_UNUSED_FUNCTION = YES;
				GCC_WARN_UNUSED_VARIABLE = YES;
				IPHONEOS_DEPLOYMENT_TARGET = 9.2;
				MTL_ENABLE_DEBUG_INFO = YES;
				ONLY_ACTIVE_ARCH = YES;
				SDKROOT = iphoneos;
			};
			name = Debug;
		};
		8202A2581CCF2B6B00DC56BF /* Release */ = {
			isa = XCBuildConfiguration;
			buildSettings = {
				ALWAYS_SEARCH_USER_PATHS = NO;
				CLANG_CXX_LANGUAGE_STANDARD = "gnu++0x";
				CLANG_CXX_LIBRARY = "libc++";
				CLANG_ENABLE_MODULES = YES;
				CLANG_ENABLE_OBJC_ARC = YES;
				CLANG_WARN_BOOL_CONVERSION = YES;
				CLANG_WARN_CONSTANT_CONVERSION = YES;
				CLANG_WARN_DIRECT_OBJC_ISA_USAGE = YES_ERROR;
				CLANG_WARN_EMPTY_BODY = YES;
				CLANG_WARN_ENUM_CONVERSION = YES;
				CLANG_WARN_INT_CONVERSION = YES;
				CLANG_WARN_OBJC_ROOT_CLASS = YES_ERROR;
				CLANG_WARN_UNREACHABLE_CODE = YES;
				CLANG_WARN__DUPLICATE_METHOD_MATCH = YES;
				"CODE_SIGN_IDENTITY[sdk=iphoneos*]" = "iPhone Developer";
				COPY_PHASE_STRIP = NO;
				DEBUG_INFORMATION_FORMAT = "dwarf-with-dsym";
				ENABLE_NS_ASSERTIONS = NO;
				ENABLE_STRICT_OBJC_MSGSEND = YES;
				GCC_C_LANGUAGE_STANDARD = gnu99;
				GCC_NO_COMMON_BLOCKS = YES;
				GCC_WARN_64_TO_32_BIT_CONVERSION = YES;
				GCC_WARN_ABOUT_RETURN_TYPE = YES_ERROR;
				GCC_WARN_UNDECLARED_SELECTOR = YES;
				GCC_WARN_UNINITIALIZED_AUTOS = YES_AGGRESSIVE;
				GCC_WARN_UNUSED_FUNCTION = YES;
				GCC_WARN_UNUSED_VARIABLE = YES;
				IPHONEOS_DEPLOYMENT_TARGET = 9.2;
				MTL_ENABLE_DEBUG_INFO = NO;
				SDKROOT = iphoneos;
				VALIDATE_PRODUCT = YES;
			};
			name = Release;
		};
		8202A25A1CCF2B6B00DC56BF /* Debug */ = {
			isa = XCBuildConfiguration;
			buildSettings = {
				ASSETCATALOG_COMPILER_APPICON_NAME = AppIcon;
				INFOPLIST_FILE = EmojiRain/Info.plist;
				LD_RUNPATH_SEARCH_PATHS = "$(inherited) @executable_path/Frameworks";
				PRODUCT_BUNDLE_IDENTIFIER = LXF.EmojiRain;
				PRODUCT_NAME = "$(TARGET_NAME)";
			};
			name = Debug;
		};
		8202A25B1CCF2B6B00DC56BF /* Release */ = {
			isa = XCBuildConfiguration;
			buildSettings = {
				ASSETCATALOG_COMPILER_APPICON_NAME = AppIcon;
				INFOPLIST_FILE = EmojiRain/Info.plist;
				LD_RUNPATH_SEARCH_PATHS = "$(inherited) @executable_path/Frameworks";
				PRODUCT_BUNDLE_IDENTIFIER = LXF.EmojiRain;
				PRODUCT_NAME = "$(TARGET_NAME)";
			};
			name = Release;
		};
/* End XCBuildConfiguration section */

/* Begin XCConfigurationList section */
		8202A23D1CCF2B6B00DC56BF /* Build configuration list for PBXProject "EmojiRain" */ = {
			isa = XCConfigurationList;
			buildConfigurations = (
				8202A2571CCF2B6B00DC56BF /* Debug */,
				8202A2581CCF2B6B00DC56BF /* Release */,
			);
			defaultConfigurationIsVisible = 0;
			defaultConfigurationName = Release;
		};
		8202A2591CCF2B6B00DC56BF /* Build configuration list for PBXNativeTarget "EmojiRain" */ = {
			isa = XCConfigurationList;
			buildConfigurations = (
				8202A25A1CCF2B6B00DC56BF /* Debug */,
				8202A25B1CCF2B6B00DC56BF /* Release */,
			);
			defaultConfigurationIsVisible = 0;
		};
/* End XCConfigurationList section */
	};
	rootObject = 8202A23A1CCF2B6B00DC56BF /* Project object */;
}
